
Microsoft Visual Studio Solution File, Format Version 12.00
# Visual Studio Version 17
VisualStudioVersion = 17.2.32616.157
MinimumVisualStudioVersion = 10.0.40219.1
Project("{FAE04EC0-301F-11D3-BF4B-00C04F79EFBC}") = "BelgiumCampusRegistrationApp", "BelgiumCampusRegistrationApp.csproj", "{AC787F5D-84EE-434C-8B9E-C0422558E049}"
EndProject
Global
	GlobalSection(SolutionConfigurationPlatforms) = preSolution
		Debug|Any CPU = Debug|Any CPU
		Release|Any CPU = Release|Any CPU
	EndGlobalSection
	GlobalSection(ProjectConfigurationPlatforms) = postSolution
		{AC787F5D-84EE-434C-8B9E-C0422558E049}.Debug|Any CPU.ActiveCfg = Debug|Any CPU
		{AC787F5D-84EE-434C-8B9E-C0422558E049}.Debug|Any CPU.Build.0 = Debug|Any CPU
		{AC787F5D-84EE-434C-8B9E-C0422558E049}.Release|Any CPU.ActiveCfg = Release|Any CPU
		{AC787F5D-84EE-434C-8B9E-C0422558E049}.Release|Any CPU.Build.0 = Release|Any CPU
	EndGlobalSection
	GlobalSection(SolutionProperties) = preSolution
		HideSolutionNode = FALSE
	EndGlobalSection
	GlobalSection(ExtensibilityGlobals) = postSolution
		SolutionGuid = {D03229B9-E896-4DF4-8AAA-606B4A1256F2}
	EndGlobalSection
EndGlobal
